
Microsoft Visual Studio Solution File, Format Version 12.00
# Visual Studio Version 17
Project("{2150E333-8FDC-42A3-9474-1A3956D46DE8}") = "CMakePredefinedTargets", "CMakePredefinedTargets", "{67184C13-BA56-3093-BC19-B147D99F3884}"
EndProject
Project("{2150E333-8FDC-42A3-9474-1A3956D46DE8}") = "GLFW3", "GLFW3", "{D77BB4B3-33D3-3852-A95A-44F46DBDAEDA}"
EndProject
Project("{8BC9CEB8-8B4A-11D0-8D11-00A0C91BC942}") = "tnm046-labs", "tnm046-labs.vcxproj", "{2986BA9E-045C-3C34-A5B8-679C8270CD43}"
	ProjectSection(ProjectDependencies) = postProject
		{588FDD7E-9A1A-3AA0-A4DD-DAF44EF299A1} = {588FDD7E-9A1A-3AA0-A4DD-DAF44EF299A1}
		{D6E8FC7C-D700-303D-8C69-67CF10CAE411} = {D6E8FC7C-D700-303D-8C69-67CF10CAE411}
		{4215618E-8F83-3F71-90BE-2F32F9CE1ED2} = {4215618E-8F83-3F71-90BE-2F32F9CE1ED2}
	EndProjectSection
EndProject
Project("{8BC9CEB8-8B4A-11D0-8D11-00A0C91BC942}") = "ALL_BUILD", "ALL_BUILD.vcxproj", "{1A2EBCE3-679D-36DD-A4CE-C4A3E105DA2B}"
	ProjectSection(ProjectDependencies) = postProject
		{588FDD7E-9A1A-3AA0-A4DD-DAF44EF299A1} = {588FDD7E-9A1A-3AA0-A4DD-DAF44EF299A1}
		{D6E8FC7C-D700-303D-8C69-67CF10CAE411} = {D6E8FC7C-D700-303D-8C69-67CF10CAE411}
		{4215618E-8F83-3F71-90BE-2F32F9CE1ED2} = {4215618E-8F83-3F71-90BE-2F32F9CE1ED2}
		{2986BA9E-045C-3C34-A5B8-679C8270CD43} = {2986BA9E-045C-3C34-A5B8-679C8270CD43}
	EndProjectSection
EndProject
Project("{8BC9CEB8-8B4A-11D0-8D11-00A0C91BC942}") = "GLEW", "glew\GLEW.vcxproj", "{588FDD7E-9A1A-3AA0-A4DD-DAF44EF299A1}"
	ProjectSection(ProjectDependencies) = postProject
		{D6E8FC7C-D700-303D-8C69-67CF10CAE411} = {D6E8FC7C-D700-303D-8C69-67CF10CAE411}
	EndProjectSection
EndProject
Project("{8BC9CEB8-8B4A-11D0-8D11-00A0C91BC942}") = "INSTALL", "INSTALL.vcxproj", "{769DA329-8438-3F8D-BE68-66A898ADD5BC}"
	ProjectSection(ProjectDependencies) = postProject
		{1A2EBCE3-679D-36DD-A4CE-C4A3E105DA2B} = {1A2EBCE3-679D-36DD-A4CE-C4A3E105DA2B}
		{D6E8FC7C-D700-303D-8C69-67CF10CAE411} = {D6E8FC7C-D700-303D-8C69-67CF10CAE411}
	EndProjectSection
EndProject
Project("{8BC9CEB8-8B4A-11D0-8D11-00A0C91BC942}") = "ZERO_CHECK", "ZERO_CHECK.vcxproj", "{D6E8FC7C-D700-303D-8C69-67CF10CAE411}"
	ProjectSection(ProjectDependencies) = postProject
	EndProjectSection
EndProject
Project("{8BC9CEB8-8B4A-11D0-8D11-00A0C91BC942}") = "glfw", "glfw-3.3.2\src\glfw.vcxproj", "{4215618E-8F83-3F71-90BE-2F32F9CE1ED2}"
	ProjectSection(ProjectDependencies) = postProject
		{D6E8FC7C-D700-303D-8C69-67CF10CAE411} = {D6E8FC7C-D700-303D-8C69-67CF10CAE411}
	EndProjectSection
EndProject
Project("{8BC9CEB8-8B4A-11D0-8D11-00A0C91BC942}") = "uninstall", "glfw-3.3.2\uninstall.vcxproj", "{F8D499BC-78EC-3A0A-9707-D99384E53AF9}"
	ProjectSection(ProjectDependencies) = postProject
		{D6E8FC7C-D700-303D-8C69-67CF10CAE411} = {D6E8FC7C-D700-303D-8C69-67CF10CAE411}
	EndProjectSection
EndProject
Global
	GlobalSection(SolutionConfigurationPlatforms) = preSolution
		Debug|x64 = Debug|x64
		Release|x64 = Release|x64
		MinSizeRel|x64 = MinSizeRel|x64
		RelWithDebInfo|x64 = RelWithDebInfo|x64
	EndGlobalSection
	GlobalSection(ProjectConfigurationPlatforms) = postSolution
		{2986BA9E-045C-3C34-A5B8-679C8270CD43}.Debug|x64.ActiveCfg = Debug|x64
		{2986BA9E-045C-3C34-A5B8-679C8270CD43}.Debug|x64.Build.0 = Debug|x64
		{2986BA9E-045C-3C34-A5B8-679C8270CD43}.Release|x64.ActiveCfg = Release|x64
		{2986BA9E-045C-3C34-A5B8-679C8270CD43}.Release|x64.Build.0 = Release|x64
		{2986BA9E-045C-3C34-A5B8-679C8270CD43}.MinSizeRel|x64.ActiveCfg = MinSizeRel|x64
		{2986BA9E-045C-3C34-A5B8-679C8270CD43}.MinSizeRel|x64.Build.0 = MinSizeRel|x64
		{2986BA9E-045C-3C34-A5B8-679C8270CD43}.RelWithDebInfo|x64.ActiveCfg = RelWithDebInfo|x64
		{2986BA9E-045C-3C34-A5B8-679C8270CD43}.RelWithDebInfo|x64.Build.0 = RelWithDebInfo|x64
		{1A2EBCE3-679D-36DD-A4CE-C4A3E105DA2B}.Debug|x64.ActiveCfg = Debug|x64
		{1A2EBCE3-679D-36DD-A4CE-C4A3E105DA2B}.Debug|x64.Build.0 = Debug|x64
		{1A2EBCE3-679D-36DD-A4CE-C4A3E105DA2B}.Release|x64.ActiveCfg = Release|x64
		{1A2EBCE3-679D-36DD-A4CE-C4A3E105DA2B}.Release|x64.Build.0 = Release|x64
		{1A2EBCE3-679D-36DD-A4CE-C4A3E105DA2B}.MinSizeRel|x64.ActiveCfg = MinSizeRel|x64
		{1A2EBCE3-679D-36DD-A4CE-C4A3E105DA2B}.MinSizeRel|x64.Build.0 = MinSizeRel|x64
		{1A2EBCE3-679D-36DD-A4CE-C4A3E105DA2B}.RelWithDebInfo|x64.ActiveCfg = RelWithDebInfo|x64
		{1A2EBCE3-679D-36DD-A4CE-C4A3E105DA2B}.RelWithDebInfo|x64.Build.0 = RelWithDebInfo|x64
		{588FDD7E-9A1A-3AA0-A4DD-DAF44EF299A1}.Debug|x64.ActiveCfg = Debug|x64
		{588FDD7E-9A1A-3AA0-A4DD-DAF44EF299A1}.Debug|x64.Build.0 = Debug|x64
		{588FDD7E-9A1A-3AA0-A4DD-DAF44EF299A1}.Release|x64.ActiveCfg = Release|x64
		{588FDD7E-9A1A-3AA0-A4DD-DAF44EF299A1}.Release|x64.Build.0 = Release|x64
		{588FDD7E-9A1A-3AA0-A4DD-DAF44EF299A1}.MinSizeRel|x64.ActiveCfg = MinSizeRel|x64
		{588FDD7E-9A1A-3AA0-A4DD-DAF44EF299A1}.MinSizeRel|x64.Build.0 = MinSizeRel|x64
		{588FDD7E-9A1A-3AA0-A4DD-DAF44EF299A1}.RelWithDebInfo|x64.ActiveCfg = RelWithDebInfo|x64
		{588FDD7E-9A1A-3AA0-A4DD-DAF44EF299A1}.RelWithDebInfo|x64.Build.0 = RelWithDebInfo|x64
		{769DA329-8438-3F8D-BE68-66A898ADD5BC}.Debug|x64.ActiveCfg = Debug|x64
		{769DA329-8438-3F8D-BE68-66A898ADD5BC}.Release|x64.ActiveCfg = Release|x64
		{769DA329-8438-3F8D-BE68-66A898ADD5BC}.MinSizeRel|x64.ActiveCfg = MinSizeRel|x64
		{769DA329-8438-3F8D-BE68-66A898ADD5BC}.RelWithDebInfo|x64.ActiveCfg = RelWithDebInfo|x64
		{D6E8FC7C-D700-303D-8C69-67CF10CAE411}.Debug|x64.ActiveCfg = Debug|x64
		{D6E8FC7C-D700-303D-8C69-67CF10CAE411}.Debug|x64.Build.0 = Debug|x64
		{D6E8FC7C-D700-303D-8C69-67CF10CAE411}.Release|x64.ActiveCfg = Release|x64
		{D6E8FC7C-D700-303D-8C69-67CF10CAE411}.Release|x64.Build.0 = Release|x64
		{D6E8FC7C-D700-303D-8C69-67CF10CAE411}.MinSizeRel|x64.ActiveCfg = MinSizeRel|x64
		{D6E8FC7C-D700-303D-8C69-67CF10CAE411}.MinSizeRel|x64.Build.0 = MinSizeRel|x64
		{D6E8FC7C-D700-303D-8C69-67CF10CAE411}.RelWithDebInfo|x64.ActiveCfg = RelWithDebInfo|x64
		{D6E8FC7C-D700-303D-8C69-67CF10CAE411}.RelWithDebInfo|x64.Build.0 = RelWithDebInfo|x64
		{4215618E-8F83-3F71-90BE-2F32F9CE1ED2}.Debug|x64.ActiveCfg = Debug|x64
		{4215618E-8F83-3F71-90BE-2F32F9CE1ED2}.Debug|x64.Build.0 = Debug|x64
		{4215618E-8F83-3F71-90BE-2F32F9CE1ED2}.Release|x64.ActiveCfg = Release|x64
		{4215618E-8F83-3F71-90BE-2F32F9CE1ED2}.Release|x64.Build.0 = Release|x64
		{4215618E-8F83-3F71-90BE-2F32F9CE1ED2}.MinSizeRel|x64.ActiveCfg = MinSizeRel|x64
		{4215618E-8F83-3F71-90BE-2F32F9CE1ED2}.MinSizeRel|x64.Build.0 = MinSizeRel|x64
		{4215618E-8F83-3F71-90BE-2F32F9CE1ED2}.RelWithDebInfo|x64.ActiveCfg = RelWithDebInfo|x64
		{4215618E-8F83-3F71-90BE-2F32F9CE1ED2}.RelWithDebInfo|x64.Build.0 = RelWithDebInfo|x64
		{F8D499BC-78EC-3A0A-9707-D99384E53AF9}.Debug|x64.ActiveCfg = Debug|x64
		{F8D499BC-78EC-3A0A-9707-D99384E53AF9}.Release|x64.ActiveCfg = Release|x64
		{F8D499BC-78EC-3A0A-9707-D99384E53AF9}.MinSizeRel|x64.ActiveCfg = MinSizeRel|x64
		{F8D499BC-78EC-3A0A-9707-D99384E53AF9}.RelWithDebInfo|x64.ActiveCfg = RelWithDebInfo|x64
	EndGlobalSection
	GlobalSection(NestedProjects) = preSolution
		{1A2EBCE3-679D-36DD-A4CE-C4A3E105DA2B} = {67184C13-BA56-3093-BC19-B147D99F3884}
		{769DA329-8438-3F8D-BE68-66A898ADD5BC} = {67184C13-BA56-3093-BC19-B147D99F3884}
		{D6E8FC7C-D700-303D-8C69-67CF10CAE411} = {67184C13-BA56-3093-BC19-B147D99F3884}
		{4215618E-8F83-3F71-90BE-2F32F9CE1ED2} = {D77BB4B3-33D3-3852-A95A-44F46DBDAEDA}
		{F8D499BC-78EC-3A0A-9707-D99384E53AF9} = {D77BB4B3-33D3-3852-A95A-44F46DBDAEDA}
	EndGlobalSection
	GlobalSection(ExtensibilityGlobals) = postSolution
		SolutionGuid = {3ECE94DF-E383-3868-AEA7-B41E2C0D664A}
	EndGlobalSection
	GlobalSection(ExtensibilityAddIns) = postSolution
	EndGlobalSection
EndGlobal
